
Microsoft Visual Studio Solution File, Format Version 12.00
# Visual Studio Version 17
VisualStudioVersion = 17.5.002.0
MinimumVisualStudioVersion = 10.0.40219.1
Project("{9A19103F-16F7-4668-BE54-9A1E7A4F7556}") = "GameStore.MinimalApi.Server", "GameStore.MinimalApi.Server.csproj", "{07864AEA-6652-48BD-875C-268D0F799E2D}"
EndProject
Global
	GlobalSection(SolutionConfigurationPlatforms) = preSolution
		Debug|Any CPU = Debug|Any CPU
		Release|Any CPU = Release|Any CPU
	EndGlobalSection
	GlobalSection(ProjectConfigurationPlatforms) = postSolution
		{07864AEA-6652-48BD-875C-268D0F799E2D}.Debug|Any CPU.ActiveCfg = Debug|Any CPU
		{07864AEA-6652-48BD-875C-268D0F799E2D}.Debug|Any CPU.Build.0 = Debug|Any CPU
		{07864AEA-6652-48BD-875C-268D0F799E2D}.Release|Any CPU.ActiveCfg = Release|Any CPU
		{07864AEA-6652-48BD-875C-268D0F799E2D}.Release|Any CPU.Build.0 = Release|Any CPU
	EndGlobalSection
	GlobalSection(SolutionProperties) = preSolution
		HideSolutionNode = FALSE
	EndGlobalSection
	GlobalSection(ExtensibilityGlobals) = postSolution
		SolutionGuid = {208C5DF9-09A1-407B-9A37-69111570957E}
	EndGlobalSection
EndGlobal
